
Microsoft Visual Studio Solution File, Format Version 12.00
# Visual Studio Version 16
VisualStudioVersion = 16.0.31605.320
MinimumVisualStudioVersion = 10.0.40219.1
Project("{9A19103F-16F7-4668-BE54-9A1E7A4F7556}") = "MyPortfolio", "MyPortfolio\MyPortfolio.csproj", "{FBD34D51-AA3A-47DE-A43E-B188366054A8}"
EndProject
Project("{9A19103F-16F7-4668-BE54-9A1E7A4F7556}") = "MyPortfolio.Data", "MyPortfolio.Data\MyPortfolio.Data.csproj", "{07FE9D13-4E3F-40BB-A6F8-928A05AA4F11}"
EndProject
Project("{9A19103F-16F7-4668-BE54-9A1E7A4F7556}") = "MyPortfolio.Data.Models", "MyPortfolio.Data.Models\MyPortfolio.Data.Models.csproj", "{EBF2D0A1-9A15-4DD4-A4EC-319826844BAD}"
EndProject
Project("{FAE04EC0-301F-11D3-BF4B-00C04F79EFBC}") = "MyPortfolio.Service", "MyPortfolio.Service\MyPortfolio.Service.csproj", "{4E1B67EC-AEE6-4895-89FD-E5437AEAC40F}"
EndProject
Project("{FAE04EC0-301F-11D3-BF4B-00C04F79EFBC}") = "MyPortfolio.ViewModels", "MyPortfolio.ViewModels\MyPortfolio.ViewModels.csproj", "{5A46064A-600E-4A66-953B-09800C5A051C}"
EndProject
Global
	GlobalSection(SolutionConfigurationPlatforms) = preSolution
		Debug|Any CPU = Debug|Any CPU
		Release|Any CPU = Release|Any CPU
	EndGlobalSection
	GlobalSection(ProjectConfigurationPlatforms) = postSolution
		{FBD34D51-AA3A-47DE-A43E-B188366054A8}.Debug|Any CPU.ActiveCfg = Debug|Any CPU
		{FBD34D51-AA3A-47DE-A43E-B188366054A8}.Debug|Any CPU.Build.0 = Debug|Any CPU
		{FBD34D51-AA3A-47DE-A43E-B188366054A8}.Release|Any CPU.ActiveCfg = Release|Any CPU
		{FBD34D51-AA3A-47DE-A43E-B188366054A8}.Release|Any CPU.Build.0 = Release|Any CPU
		{07FE9D13-4E3F-40BB-A6F8-928A05AA4F11}.Debug|Any CPU.ActiveCfg = Debug|Any CPU
		{07FE9D13-4E3F-40BB-A6F8-928A05AA4F11}.Debug|Any CPU.Build.0 = Debug|Any CPU
		{07FE9D13-4E3F-40BB-A6F8-928A05AA4F11}.Release|Any CPU.ActiveCfg = Release|Any CPU
		{07FE9D13-4E3F-40BB-A6F8-928A05AA4F11}.Release|Any CPU.Build.0 = Release|Any CPU
		{EBF2D0A1-9A15-4DD4-A4EC-319826844BAD}.Debug|Any CPU.ActiveCfg = Debug|Any CPU
		{EBF2D0A1-9A15-4DD4-A4EC-319826844BAD}.Debug|Any CPU.Build.0 = Debug|Any CPU
		{EBF2D0A1-9A15-4DD4-A4EC-319826844BAD}.Release|Any CPU.ActiveCfg = Release|Any CPU
		{EBF2D0A1-9A15-4DD4-A4EC-319826844BAD}.Release|Any CPU.Build.0 = Release|Any CPU
		{4E1B67EC-AEE6-4895-89FD-E5437AEAC40F}.Debug|Any CPU.ActiveCfg = Debug|Any CPU
		{4E1B67EC-AEE6-4895-89FD-E5437AEAC40F}.Debug|Any CPU.Build.0 = Debug|Any CPU
		{4E1B67EC-AEE6-4895-89FD-E5437AEAC40F}.Release|Any CPU.ActiveCfg = Release|Any CPU
		{4E1B67EC-AEE6-4895-89FD-E5437AEAC40F}.Release|Any CPU.Build.0 = Release|Any CPU
		{5A46064A-600E-4A66-953B-09800C5A051C}.Debug|Any CPU.ActiveCfg = Debug|Any CPU
		{5A46064A-600E-4A66-953B-09800C5A051C}.Debug|Any CPU.Build.0 = Debug|Any CPU
		{5A46064A-600E-4A66-953B-09800C5A051C}.Release|Any CPU.ActiveCfg = Release|Any CPU
		{5A46064A-600E-4A66-953B-09800C5A051C}.Release|Any CPU.Build.0 = Release|Any CPU
	EndGlobalSection
	GlobalSection(SolutionProperties) = preSolution
		HideSolutionNode = FALSE
	EndGlobalSection
	GlobalSection(ExtensibilityGlobals) = postSolution
		SolutionGuid = {330F999D-710A-4831-B1C5-428BAACA7BD9}
	EndGlobalSection
EndGlobal
